
Microsoft Visual Studio Solution File, Format Version 12.00
# Visual Studio 15
VisualStudioVersion = 15.0.27130.2010
MinimumVisualStudioVersion = 10.0.40219.1
Project("{9A19103F-16F7-4668-BE54-9A1E7A4F7556}") = "Nice.Network.Web", "Nice.Network.Web\Nice.Network.Web.csproj", "{F3331D52-9FF2-47B7-A70D-811DE1BA0E92}"
EndProject
Project("{FAE04EC0-301F-11D3-BF4B-00C04F79EFBC}") = "Nice.Network.Web.Demo", "Nice.Network.Web.Demo\Nice.Network.Web.Demo.csproj", "{9284DD0C-6BF5-4FB5-8DF5-DF22562E3917}"
EndProject
Project("{9A19103F-16F7-4668-BE54-9A1E7A4F7556}") = "Nice.DataAccess", "..\Nice.DataAccess\Nice.DataAccess\Nice.DataAccess.csproj", "{029B5282-E937-40C2-81D5-84CADA4BFBF8}"
EndProject
Project("{9A19103F-16F7-4668-BE54-9A1E7A4F7556}") = "Nice.DataAccess.Npgsql", "..\Nice.DataAccess\Nice.DataAccess.Npgsql\Nice.DataAccess.Npgsql.csproj", "{5B3BBA8E-621C-4B0C-9B0A-564AD4BF3DC4}"
EndProject
Global
	GlobalSection(SolutionConfigurationPlatforms) = preSolution
		Debug|Any CPU = Debug|Any CPU
		Release|Any CPU = Release|Any CPU
	EndGlobalSection
	GlobalSection(ProjectConfigurationPlatforms) = postSolution
		{F3331D52-9FF2-47B7-A70D-811DE1BA0E92}.Debug|Any CPU.ActiveCfg = Debug|Any CPU
		{F3331D52-9FF2-47B7-A70D-811DE1BA0E92}.Debug|Any CPU.Build.0 = Debug|Any CPU
		{F3331D52-9FF2-47B7-A70D-811DE1BA0E92}.Release|Any CPU.ActiveCfg = Release|Any CPU
		{F3331D52-9FF2-47B7-A70D-811DE1BA0E92}.Release|Any CPU.Build.0 = Release|Any CPU
		{9284DD0C-6BF5-4FB5-8DF5-DF22562E3917}.Debug|Any CPU.ActiveCfg = Debug|Any CPU
		{9284DD0C-6BF5-4FB5-8DF5-DF22562E3917}.Debug|Any CPU.Build.0 = Debug|Any CPU
		{9284DD0C-6BF5-4FB5-8DF5-DF22562E3917}.Release|Any CPU.ActiveCfg = Release|Any CPU
		{9284DD0C-6BF5-4FB5-8DF5-DF22562E3917}.Release|Any CPU.Build.0 = Release|Any CPU
		{029B5282-E937-40C2-81D5-84CADA4BFBF8}.Debug|Any CPU.ActiveCfg = Debug|Any CPU
		{029B5282-E937-40C2-81D5-84CADA4BFBF8}.Debug|Any CPU.Build.0 = Debug|Any CPU
		{029B5282-E937-40C2-81D5-84CADA4BFBF8}.Release|Any CPU.ActiveCfg = Release|Any CPU
		{029B5282-E937-40C2-81D5-84CADA4BFBF8}.Release|Any CPU.Build.0 = Release|Any CPU
		{5B3BBA8E-621C-4B0C-9B0A-564AD4BF3DC4}.Debug|Any CPU.ActiveCfg = Debug|Any CPU
		{5B3BBA8E-621C-4B0C-9B0A-564AD4BF3DC4}.Debug|Any CPU.Build.0 = Debug|Any CPU
		{5B3BBA8E-621C-4B0C-9B0A-564AD4BF3DC4}.Release|Any CPU.ActiveCfg = Release|Any CPU
		{5B3BBA8E-621C-4B0C-9B0A-564AD4BF3DC4}.Release|Any CPU.Build.0 = Release|Any CPU
	EndGlobalSection
	GlobalSection(SolutionProperties) = preSolution
		HideSolutionNode = FALSE
	EndGlobalSection
	GlobalSection(ExtensibilityGlobals) = postSolution
		SolutionGuid = {0285228E-6D2A-4B52-93E9-EB4DCB5CE19A}
	EndGlobalSection
EndGlobal
